
Microsoft Visual Studio Solution File, Format Version 12.00
# Visual Studio Version 17
VisualStudioVersion = 17.5.33424.131
MinimumVisualStudioVersion = 10.0.40219.1
Project("{9A19103F-16F7-4668-BE54-9A1E7A4F7556}") = "Entities", "Entities\Entities.csproj", "{FC9BC586-6BD2-4071-B0F6-A430F0CFD515}"
EndProject
Project("{9A19103F-16F7-4668-BE54-9A1E7A4F7556}") = "DataAccess", "DataAccess\DataAccess.csproj", "{52746AA9-9F33-4135-8C54-F675352DE8EF}"
EndProject
Project("{9A19103F-16F7-4668-BE54-9A1E7A4F7556}") = "Business", "Business\Business.csproj", "{F78FF3DC-7C36-4DEE-BD44-59BAC89FB487}"
EndProject
Project("{9A19103F-16F7-4668-BE54-9A1E7A4F7556}") = "ConsoleUI", "ConsoleUI\ConsoleUI.csproj", "{33804F7A-6F22-4D63-9C46-187BA38F9F3E}"
EndProject
Global
	GlobalSection(SolutionConfigurationPlatforms) = preSolution
		Debug|Any CPU = Debug|Any CPU
		Release|Any CPU = Release|Any CPU
	EndGlobalSection
	GlobalSection(ProjectConfigurationPlatforms) = postSolution
		{FC9BC586-6BD2-4071-B0F6-A430F0CFD515}.Debug|Any CPU.ActiveCfg = Debug|Any CPU
		{FC9BC586-6BD2-4071-B0F6-A430F0CFD515}.Debug|Any CPU.Build.0 = Debug|Any CPU
		{FC9BC586-6BD2-4071-B0F6-A430F0CFD515}.Release|Any CPU.ActiveCfg = Release|Any CPU
		{FC9BC586-6BD2-4071-B0F6-A430F0CFD515}.Release|Any CPU.Build.0 = Release|Any CPU
		{52746AA9-9F33-4135-8C54-F675352DE8EF}.Debug|Any CPU.ActiveCfg = Debug|Any CPU
		{52746AA9-9F33-4135-8C54-F675352DE8EF}.Debug|Any CPU.Build.0 = Debug|Any CPU
		{52746AA9-9F33-4135-8C54-F675352DE8EF}.Release|Any CPU.ActiveCfg = Release|Any CPU
		{52746AA9-9F33-4135-8C54-F675352DE8EF}.Release|Any CPU.Build.0 = Release|Any CPU
		{F78FF3DC-7C36-4DEE-BD44-59BAC89FB487}.Debug|Any CPU.ActiveCfg = Debug|Any CPU
		{F78FF3DC-7C36-4DEE-BD44-59BAC89FB487}.Debug|Any CPU.Build.0 = Debug|Any CPU
		{F78FF3DC-7C36-4DEE-BD44-59BAC89FB487}.Release|Any CPU.ActiveCfg = Release|Any CPU
		{F78FF3DC-7C36-4DEE-BD44-59BAC89FB487}.Release|Any CPU.Build.0 = Release|Any CPU
		{33804F7A-6F22-4D63-9C46-187BA38F9F3E}.Debug|Any CPU.ActiveCfg = Debug|Any CPU
		{33804F7A-6F22-4D63-9C46-187BA38F9F3E}.Debug|Any CPU.Build.0 = Debug|Any CPU
		{33804F7A-6F22-4D63-9C46-187BA38F9F3E}.Release|Any CPU.ActiveCfg = Release|Any CPU
		{33804F7A-6F22-4D63-9C46-187BA38F9F3E}.Release|Any CPU.Build.0 = Release|Any CPU
	EndGlobalSection
	GlobalSection(SolutionProperties) = preSolution
		HideSolutionNode = FALSE
	EndGlobalSection
	GlobalSection(ExtensibilityGlobals) = postSolution
		SolutionGuid = {1C2E7436-D800-4884-85E4-2DBB5E3D6544}
	EndGlobalSection
EndGlobal
